PODS:
  - RxCocoa (3.6.1):
    - RxSwift (~> 3.6)
  - RxSwift (3.6.1)

DEPENDENCIES:
  - RxCocoa (~> 3.0)
  - RxSwift (~> 3.0)

SPEC CHECKSUMS:
  RxCocoa: 752fb3f8161f67bca16939e7fefb4694e037afcb
  RxSwift: f5b51c1a3bd5a36110479db16338f599daca555d

PODFILE CHECKSUM: 38a8364c23772f4dbba41fb7de62eee03b7ac0a6

COCOAPODS: 1.3.1
