// !$*UTF8*$!
{
	archiveVersion = 1;
	classes = {
	};
	objectVersion = 46;
	objects = {

/* Begin PBXBuildFile section */
		096FC500C3D0EE8BAE9B4FE0 /* Pods_BlockSizeCalculatorTests.framework in Frameworks */ = {isa = PBXBuildFile; fileRef = 97EB84A35E42EA6A993DCFA0 /* Pods_BlockSizeCalculatorTests.framework */; };
		59E7BC7B772F8A01BB90E004 /* Pods_BlockSizeCalculator.framework in Frameworks */ = {isa = PBXBuildFile; fileRef = CF6CBFDEE6B8544B8E2364CA /* Pods_BlockSizeCalculator.framework */; };
		A22687250F3209B8DB49952A /* Pods_BlockSizeCalculatorUITests.framework in Frameworks */ = {isa = PBXBuildFile; fileRef = 6E94E8A889ED5E6690225D14 /* Pods_BlockSizeCalculatorUITests.framework */; };
		FB29D9191F5D987000646220 /* AppDelegate.swift in Sources */ = {isa = PBXBuildFile; fileRef = FB29D9181F5D987000646220 /* AppDelegate.swift */; };
		FB29D91B1F5D987000646220 /* FirstViewController.swift in Sources */ = {isa = PBXBuildFile; fileRef = FB29D91A1F5D987000646220 /* FirstViewController.swift */; };
		FB29D91D1F5D987000646220 /* SecondViewController.swift in Sources */ = {isa = PBXBuildFile; fileRef = FB29D91C1F5D987000646220 /* SecondViewController.swift */; };
		FB29D9201F5D987000646220 /* Main.storyboard in Resources */ = {isa = PBXBuildFile; fileRef = FB29D91E1F5D987000646220 /* Main.storyboard */; };
		FB29D9221F5D987000646220 /* Assets.xcassets in Resources */ = {isa = PBXBuildFile; fileRef = FB29D9211F5D987000646220 /* Assets.xcassets */; };
		FB29D9251F5D987000646220 /* LaunchScreen.storyboard in Resources */ = {isa = PBXBuildFile; fileRef = FB29D9231F5D987000646220 /* LaunchScreen.storyboard */; };
		FB29D9301F5D987000646220 /* BlockSizeCalculatorTests.swift in Sources */ = {isa = PBXBuildFile; fileRef = FB29D92F1F5D987000646220 /* BlockSizeCalculatorTests.swift */; };
		FB29D93B1F5D987000646220 /* BlockSizeCalculatorUITests.swift in Sources */ = {isa = PBXBuildFile; fileRef = FB29D93A1F5D987000646220 /* BlockSizeCalculatorUITests.swift */; };
/* End PBXBuildFile section */

/* Begin PBXContainerItemProxy section */
		FB29D92C1F5D987000646220 /* PBXContainerItemProxy */ = {
			isa = PBXContainerItemProxy;
			containerPortal = FB29D90D1F5D987000646220 /* Project object */;
			proxyType = 1;
			remoteGlobalIDString = FB29D9141F5D987000646220;
			remoteInfo = BlockSizeCalculator;
		};
		FB29D9371F5D987000646220 /* PBXContainerItemProxy */ = {
			isa = PBXContainerItemProxy;
			containerPortal = FB29D90D1F5D987000646220 /* Project object */;
			proxyType = 1;
			remoteGlobalIDString = FB29D9141F5D987000646220;
			remoteInfo = BlockSizeCalculator;
		};
/* End PBXContainerItemProxy section */

/* Begin PBXFileReference section */
		6E94E8A889ED5E6690225D14 /* Pods_BlockSizeCalculatorUITests.framework */ = {isa = PBXFileReference; explicitFileType = wrapper.framework; includeInIndex = 0; path = Pods_BlockSizeCalculatorUITests.framework; sourceTree = BUILT_PRODUCTS_DIR; };
		9090CC3A0717CCF30CF2CBB0 /* Pods-BlockSizeCalculatorTests.release.xcconfig */ = {isa = PBXFileReference; includeInIndex = 1; lastKnownFileType = text.xcconfig; name = "Pods-BlockSizeCalculatorTests.release.xcconfig"; path = "Pods/Target Support Files/Pods-BlockSizeCalculatorTests/Pods-BlockSizeCalculatorTests.release.xcconfig"; sourceTree = "<group>"; };
		97EB84A35E42EA6A993DCFA0 /* Pods_BlockSizeCalculatorTests.framework */ = {isa = PBXFileReference; explicitFileType = wrapper.framework; includeInIndex = 0; path = Pods_BlockSizeCalculatorTests.framework; sourceTree = BUILT_PRODUCTS_DIR; };
		AAB96C633D5E7995E2DD0DF0 /* Pods-BlockSizeCalculator.release.xcconfig */ = {isa = PBXFileReference; includeInIndex = 1; lastKnownFileType = text.xcconfig; name = "Pods-BlockSizeCalculator.release.xcconfig"; path = "Pods/Target Support Files/Pods-BlockSizeCalculator/Pods-BlockSizeCalculator.release.xcconfig"; sourceTree = "<group>"; };
		AD8DC44AC0F20A9E11C8A8AC /* Pods-BlockSizeCalculatorUITests.debug.xcconfig */ = {isa = PBXFileReference; includeInIndex = 1; lastKnownFileType = text.xcconfig; name = "Pods-BlockSizeCalculatorUITests.debug.xcconfig"; path = "Pods/Target Support Files/Pods-BlockSizeCalculatorUITests/Pods-BlockSizeCalculatorUITests.debug.xcconfig"; sourceTree = "<group>"; };
		CF6CBFDEE6B8544B8E2364CA /* Pods_BlockSizeCalculator.framework */ = {isa = PBXFileReference; explicitFileType = wrapper.framework; includeInIndex = 0; path = Pods_BlockSizeCalculator.framework; sourceTree = BUILT_PRODUCTS_DIR; };
		E592E006CB95BE6CB557FB71 /* Pods-BlockSizeCalculator.debug.xcconfig */ = {isa = PBXFileReference; includeInIndex = 1; lastKnownFileType = text.xcconfig; name = "Pods-BlockSizeCalculator.debug.xcconfig"; path = "Pods/Target Support Files/Pods-BlockSizeCalculator/Pods-BlockSizeCalculator.debug.xcconfig"; sourceTree = "<group>"; };
		E76DA72DC9BA3E56E00072A3 /* Pods-BlockSizeCalculatorTests.debug.xcconfig */ = {isa = PBXFileReference; includeInIndex = 1; lastKnownFileType = text.xcconfig; name = "Pods-BlockSizeCalculatorTests.debug.xcconfig"; path = "Pods/Target Support Files/Pods-BlockSizeCalculatorTests/Pods-BlockSizeCalculatorTests.debug.xcconfig"; sourceTree = "<group>"; };
		EE5FA726168579C503777B2D /* Pods-BlockSizeCalculatorUITests.release.xcconfig */ = {isa = PBXFileReference; includeInIndex = 1; lastKnownFileType = text.xcconfig; name = "Pods-BlockSizeCalculatorUITests.release.xcconfig"; path = "Pods/Target Support Files/Pods-BlockSizeCalculatorUITests/Pods-BlockSizeCalculatorUITests.release.xcconfig"; sourceTree = "<group>"; };
		FB29D9151F5D987000646220 /* BlockSizeCalculator.app */ = {isa = PBXFileReference; explicitFileType = wrapper.application; includeInIndex = 0; path = BlockSizeCalculator.app; sourceTree = BUILT_PRODUCTS_DIR; };
		FB29D9181F5D987000646220 /* AppDelegate.swift */ = {isa = PBXFileReference; lastKnownFileType = sourcecode.swift; path = AppDelegate.swift; sourceTree = "<group>"; };
		FB29D91A1F5D987000646220 /* FirstViewController.swift */ = {isa = PBXFileReference; lastKnownFileType = sourcecode.swift; path = FirstViewController.swift; sourceTree = "<group>"; };
		FB29D91C1F5D987000646220 /* SecondViewController.swift */ = {isa = PBXFileReference; lastKnownFileType = sourcecode.swift; path = SecondViewController.swift; sourceTree = "<group>"; };
		FB29D91F1F5D987000646220 /* Base */ = {isa = PBXFileReference; lastKnownFileType = file.storyboard; name = Base; path = Base.lproj/Main.storyboard; sourceTree = "<group>"; };
		FB29D9211F5D987000646220 /* Assets.xcassets */ = {isa = PBXFileReference; lastKnownFileType = folder.assetcatalog; path = Assets.xcassets; sourceTree = "<group>"; };
		FB29D9241F5D987000646220 /* Base */ = {isa = PBXFileReference; lastKnownFileType = file.storyboard; name = Base; path = Base.lproj/LaunchScreen.storyboard; sourceTree = "<group>"; };
		FB29D9261F5D987000646220 /* Info.plist */ = {isa = PBXFileReference; lastKnownFileType = text.plist.xml; path = Info.plist; sourceTree = "<group>"; };
		FB29D92B1F5D987000646220 /* BlockSizeCalculatorTests.xctest */ = {isa = PBXFileReference; explicitFileType = wrapper.cfbundle; includeInIndex = 0; path = BlockSizeCalculatorTests.xctest; sourceTree = BUILT_PRODUCTS_DIR; };
		FB29D92F1F5D987000646220 /* BlockSizeCalculatorTests.swift */ = {isa = PBXFileReference; lastKnownFileType = sourcecode.swift; path = BlockSizeCalculatorTests.swift; sourceTree = "<group>"; };
		FB29D9311F5D987000646220 /* Info.plist */ = {isa = PBXFileReference; lastKnownFileType = text.plist.xml; path = Info.plist; sourceTree = "<group>"; };
		FB29D9361F5D987000646220 /* BlockSizeCalculatorUITests.xctest */ = {isa = PBXFileReference; explicitFileType = wrapper.cfbundle; includeInIndex = 0; path = BlockSizeCalculatorUITests.xctest; sourceTree = BUILT_PRODUCTS_DIR; };
		FB29D93A1F5D987000646220 /* BlockSizeCalculatorUITests.swift */ = {isa = PBXFileReference; lastKnownFileType = sourcecode.swift; path = BlockSizeCalculatorUITests.swift; sourceTree = "<group>"; };
		FB29D93C1F5D987000646220 /* Info.plist */ = {isa = PBXFileReference; lastKnownFileType = text.plist.xml; path = Info.plist; sourceTree = "<group>"; };
/* End PBXFileReference section */

/* Begin PBXFrameworksBuildPhase section */
		FB29D9121F5D987000646220 /* Frameworks */ = {
			isa = PBXFrameworksBuildPhase;
			buildActionMask = 2147483647;
			files = (
				59E7BC7B772F8A01BB90E004 /* Pods_BlockSizeCalculator.framework in Frameworks */,
			);
			runOnlyForDeploymentPostprocessing = 0;
		};
		FB29D9281F5D987000646220 /* Frameworks */ = {
			isa = PBXFrameworksBuildPhase;
			buildActionMask = 2147483647;
			files = (
				096FC500C3D0EE8BAE9B4FE0 /* Pods_BlockSizeCalculatorTests.framework in Frameworks */,
			);
			runOnlyForDeploymentPostprocessing = 0;
		};
		FB29D9331F5D987000646220 /* Frameworks */ = {
			isa = PBXFrameworksBuildPhase;
			buildActionMask = 2147483647;
			files = (
				A22687250F3209B8DB49952A /* Pods_BlockSizeCalculatorUITests.framework in Frameworks */,
			);
			runOnlyForDeploymentPostprocessing = 0;
		};
/* End PBXFrameworksBuildPhase section */

/* Begin PBXGroup section */
		1E8E4FADA0F77B6B8A2576A8 /* Frameworks */ = {
			isa = PBXGroup;
			children = (
				CF6CBFDEE6B8544B8E2364CA /* Pods_BlockSizeCalculator.framework */,
				97EB84A35E42EA6A993DCFA0 /* Pods_BlockSizeCalculatorTests.framework */,
				6E94E8A889ED5E6690225D14 /* Pods_BlockSizeCalculatorUITests.framework */,
			);
			name = Frameworks;
			sourceTree = "<group>";
		};
		45BD2A9BC9AA6EB22A22ED41 /* Pods */ = {
			isa = PBXGroup;
			children = (
				E592E006CB95BE6CB557FB71 /* Pods-BlockSizeCalculator.debug.xcconfig */,
				AAB96C633D5E7995E2DD0DF0 /* Pods-BlockSizeCalculator.release.xcconfig */,
				E76DA72DC9BA3E56E00072A3 /* Pods-BlockSizeCalculatorTests.debug.xcconfig */,
				9090CC3A0717CCF30CF2CBB0 /* Pods-BlockSizeCalculatorTests.release.xcconfig */,
				AD8DC44AC0F20A9E11C8A8AC /* Pods-BlockSizeCalculatorUITests.debug.xcconfig */,
				EE5FA726168579C503777B2D /* Pods-BlockSizeCalculatorUITests.release.xcconfig */,
			);
			name = Pods;
			sourceTree = "<group>";
		};
		FB29D90C1F5D987000646220 = {
			isa = PBXGroup;
			children = (
				FB29D9171F5D987000646220 /* BlockSizeCalculator */,
				FB29D92E1F5D987000646220 /* BlockSizeCalculatorTests */,
				FB29D9391F5D987000646220 /* BlockSizeCalculatorUITests */,
				FB29D9161F5D987000646220 /* Products */,
				45BD2A9BC9AA6EB22A22ED41 /* Pods */,
				1E8E4FADA0F77B6B8A2576A8 /* Frameworks */,
			);
			sourceTree = "<group>";
		};
		FB29D9161F5D987000646220 /* Products */ = {
			isa = PBXGroup;
			children = (
				FB29D9151F5D987000646220 /* BlockSizeCalculator.app */,
				FB29D92B1F5D987000646220 /* BlockSizeCalculatorTests.xctest */,
				FB29D9361F5D987000646220 /* BlockSizeCalculatorUITests.xctest */,
			);
			name = Products;
			sourceTree = "<group>";
		};
		FB29D9171F5D987000646220 /* BlockSizeCalculator */ = {
			isa = PBXGroup;
			children = (
				FB29D9181F5D987000646220 /* AppDelegate.swift */,
				FB29D91A1F5D987000646220 /* FirstViewController.swift */,
				FB29D91C1F5D987000646220 /* SecondViewController.swift */,
				FB29D91E1F5D987000646220 /* Main.storyboard */,
				FB29D9211F5D987000646220 /* Assets.xcassets */,
				FB29D9231F5D987000646220 /* LaunchScreen.storyboard */,
				FB29D9261F5D987000646220 /* Info.plist */,
			);
			path = BlockSizeCalculator;
			sourceTree = "<group>";
		};
		FB29D92E1F5D987000646220 /* BlockSizeCalculatorTests */ = {
			isa = PBXGroup;
			children = (
				FB29D92F1F5D987000646220 /* BlockSizeCalculatorTests.swift */,
				FB29D9311F5D987000646220 /* Info.plist */,
			);
			path = BlockSizeCalculatorTests;
			sourceTree = "<group>";
		};
		FB29D9391F5D987000646220 /* BlockSizeCalculatorUITests */ = {
			isa = PBXGroup;
			children = (
				FB29D93A1F5D987000646220 /* BlockSizeCalculatorUITests.swift */,
				FB29D93C1F5D987000646220 /* Info.plist */,
			);
			path = BlockSizeCalculatorUITests;
			sourceTree = "<group>";
		};
/* End PBXGroup section */

/* Begin PBXNativeTarget section */
		FB29D9141F5D987000646220 /* BlockSizeCalculator */ = {
			isa = PBXNativeTarget;
			buildConfigurationList = FB29D93F1F5D987000646220 /* Build configuration list for PBXNativeTarget "BlockSizeCalculator" */;
			buildPhases = (
				E9B4922E35E0A38920F622E8 /* [CP] Check Pods Manifest.lock */,
				FB29D9111F5D987000646220 /* Sources */,
				FB29D9121F5D987000646220 /* Frameworks */,
				FB29D9131F5D987000646220 /* Resources */,
				5BE10CE16C5C757765CD7B6F /* [CP] Embed Pods Frameworks */,
				5113A96079887254CC0A348F /* [CP] Copy Pods Resources */,
			);
			buildRules = (
			);
			dependencies = (
			);
			name = BlockSizeCalculator;
			productName = BlockSizeCalculator;
			productReference = FB29D9151F5D987000646220 /* BlockSizeCalculator.app */;
			productType = "com.apple.product-type.application";
		};
		FB29D92A1F5D987000646220 /* BlockSizeCalculatorTests */ = {
			isa = PBXNativeTarget;
			buildConfigurationList = FB29D9421F5D987000646220 /* Build configuration list for PBXNativeTarget "BlockSizeCalculatorTests" */;
			buildPhases = (
				0CC7F0A2E09FC7253DE6B2D5 /* [CP] Check Pods Manifest.lock */,
				FB29D9271F5D987000646220 /* Sources */,
				FB29D9281F5D987000646220 /* Frameworks */,
				FB29D9291F5D987000646220 /* Resources */,
				401D1557D3956C2091F22912 /* [CP] Embed Pods Frameworks */,
				C042A04A4C2F1D6971AC0457 /* [CP] Copy Pods Resources */,
			);
			buildRules = (
			);
			dependencies = (
				FB29D92D1F5D987000646220 /* PBXTargetDependency */,
			);
			name = BlockSizeCalculatorTests;
			productName = BlockSizeCalculatorTests;
			productReference = FB29D92B1F5D987000646220 /* BlockSizeCalculatorTests.xctest */;
			productType = "com.apple.product-type.bundle.unit-test";
		};
		FB29D9351F5D987000646220 /* BlockSizeCalculatorUITests */ = {
			isa = PBXNativeTarget;
			buildConfigurationList = FB29D9451F5D987000646220 /* Build configuration list for PBXNativeTarget "BlockSizeCalculatorUITests" */;
			buildPhases = (
				FE74E2323EDCA25702C53693 /* [CP] Check Pods Manifest.lock */,
				FB29D9321F5D987000646220 /* Sources */,
				FB29D9331F5D987000646220 /* Frameworks */,
				FB29D9341F5D987000646220 /* Resources */,
				5A5D8722632F75966AC2E0E9 /* [CP] Embed Pods Frameworks */,
				CD0401F42E5B29CA1ABAD371 /* [CP] Copy Pods Resources */,
			);
			buildRules = (
			);
			dependencies = (
				FB29D9381F5D987000646220 /* PBXTargetDependency */,
			);
			name = BlockSizeCalculatorUITests;
			productName = BlockSizeCalculatorUITests;
			productReference = FB29D9361F5D987000646220 /* BlockSizeCalculatorUITests.xctest */;
			productType = "com.apple.product-type.bundle.ui-testing";
		};
/* End PBXNativeTarget section */

/* Begin PBXProject section */
		FB29D90D1F5D987000646220 /* Project object */ = {
			isa = PBXProject;
			attributes = {
				LastSwiftUpdateCheck = 0830;
				LastUpgradeCheck = 0830;
				ORGANIZATIONNAME = "Janne Salenius";
				TargetAttributes = {
					FB29D9141F5D987000646220 = {
						CreatedOnToolsVersion = 8.3.2;
						DevelopmentTeam = 847UKKJGYC;
						ProvisioningStyle = Automatic;
					};
					FB29D92A1F5D987000646220 = {
						CreatedOnToolsVersion = 8.3.2;
						DevelopmentTeam = 847UKKJGYC;
						ProvisioningStyle = Automatic;
						TestTargetID = FB29D9141F5D987000646220;
					};
					FB29D9351F5D987000646220 = {
						CreatedOnToolsVersion = 8.3.2;
						DevelopmentTeam = 847UKKJGYC;
						ProvisioningStyle = Automatic;
						TestTargetID = FB29D9141F5D987000646220;
					};
				};
			};
			buildConfigurationList = FB29D9101F5D987000646220 /* Build configuration list for PBXProject "BlockSizeCalculator" */;
			compatibilityVersion = "Xcode 3.2";
			developmentRegion = English;
			hasScannedForEncodings = 0;
			knownRegions = (
				en,
				Base,
			);
			mainGroup = FB29D90C1F5D987000646220;
			productRefGroup = FB29D9161F5D987000646220 /* Products */;
			projectDirPath = "";
			projectRoot = "";
			targets = (
				FB29D9141F5D987000646220 /* BlockSizeCalculator */,
				FB29D92A1F5D987000646220 /* BlockSizeCalculatorTests */,
				FB29D9351F5D987000646220 /* BlockSizeCalculatorUITests */,
			);
		};
/* End PBXProject section */

/* Begin PBXResourcesBuildPhase section */
		FB29D9131F5D987000646220 /* Resources */ = {
			isa = PBXResourcesBuildPhase;
			buildActionMask = 2147483647;
			files = (
				FB29D9251F5D987000646220 /* LaunchScreen.storyboard in Resources */,
				FB29D9221F5D987000646220 /* Assets.xcassets in Resources */,
				FB29D9201F5D987000646220 /* Main.storyboard in Resources */,
			);
			runOnlyForDeploymentPostprocessing = 0;
		};
		FB29D9291F5D987000646220 /* Resources */ = {
			isa = PBXResourcesBuildPhase;
			buildActionMask = 2147483647;
			files = (
			);
			runOnlyForDeploymentPostprocessing = 0;
		};
		FB29D9341F5D987000646220 /* Resources */ = {
			isa = PBXResourcesBuildPhase;
			buildActionMask = 2147483647;
			files = (
			);
			runOnlyForDeploymentPostprocessing = 0;
		};
/* End PBXResourcesBuildPhase section */

/* Begin PBXShellScriptBuildPhase section */
		0CC7F0A2E09FC7253DE6B2D5 /* [CP] Check Pods Manifest.lock */ = {
			isa = PBXShellScriptBuildPhase;
			buildActionMask = 2147483647;
			files = (
			);
			inputPaths = (
				"${PODS_PODFILE_DIR_PATH}/Podfile.lock",
				"${PODS_ROOT}/Manifest.lock",
			);
			name = "[CP] Check Pods Manifest.lock";
			outputPaths = (
				"$(DERIVED_FILE_DIR)/Pods-BlockSizeCalculatorTests-checkManifestLockResult.txt",
			);
			runOnlyForDeploymentPostprocessing = 0;
			shellPath = /bin/sh;
			shellScript = "diff \"${PODS_PODFILE_DIR_PATH}/Podfile.lock\" \"${PODS_ROOT}/Manifest.lock\" > /dev/null\nif [ $? != 0 ] ; then\n    # print error to STDERR\n    echo \"error: The sandbox is not in sync with the Podfile.lock. Run 'pod install' or update your CocoaPods installation.\" >&2\n    exit 1\nfi\n# This output is used by Xcode 'outputs' to avoid re-running this script phase.\necho \"SUCCESS\" > \"${SCRIPT_OUTPUT_FILE_0}\"\n";
			showEnvVarsInLog = 0;
		};
		401D1557D3956C2091F22912 /* [CP] Embed Pods Frameworks */ = {
			isa = PBXShellScriptBuildPhase;
			buildActionMask = 2147483647;
			files = (
			);
			inputPaths = (
			);
			name = "[CP] Embed Pods Frameworks";
			outputPaths = (
			);
			runOnlyForDeploymentPostprocessing = 0;
			shellPath = /bin/sh;
			shellScript = "\"${SRCROOT}/Pods/Target Support Files/Pods-BlockSizeCalculatorTests/Pods-BlockSizeCalculatorTests-frameworks.sh\"\n";
			showEnvVarsInLog = 0;
		};
		5113A96079887254CC0A348F /* [CP] Copy Pods Resources */ = {
			isa = PBXShellScriptBuildPhase;
			buildActionMask = 2147483647;
			files = (
			);
			inputPaths = (
			);
			name = "[CP] Copy Pods Resources";
			outputPaths = (
			);
			runOnlyForDeploymentPostprocessing = 0;
			shellPath = /bin/sh;
			shellScript = "\"${SRCROOT}/Pods/Target Support Files/Pods-BlockSizeCalculator/Pods-BlockSizeCalculator-resources.sh\"\n";
			showEnvVarsInLog = 0;
		};
		5A5D8722632F75966AC2E0E9 /* [CP] Embed Pods Frameworks */ = {
			isa = PBXShellScriptBuildPhase;
			buildActionMask = 2147483647;
			files = (
			);
			inputPaths = (
			);
			name = "[CP] Embed Pods Frameworks";
			outputPaths = (
			);
			runOnlyForDeploymentPostprocessing = 0;
			shellPath = /bin/sh;
			shellScript = "\"${SRCROOT}/Pods/Target Support Files/Pods-BlockSizeCalculatorUITests/Pods-BlockSizeCalculatorUITests-frameworks.sh\"\n";
			showEnvVarsInLog = 0;
		};
		5BE10CE16C5C757765CD7B6F /* [CP] Embed Pods Frameworks */ = {
			isa = PBXShellScriptBuildPhase;
			buildActionMask = 2147483647;
			files = (
			);
			inputPaths = (
				"${SRCROOT}/Pods/Target Support Files/Pods-BlockSizeCalculator/Pods-BlockSizeCalculator-frameworks.sh",
				"${BUILT_PRODUCTS_DIR}/RxCocoa/RxCocoa.framework",
				"${BUILT_PRODUCTS_DIR}/RxSwift/RxSwift.framework",
			);
			name = "[CP] Embed Pods Frameworks";
			outputPaths = (
				"${TARGET_BUILD_DIR}/${FRAMEWORKS_FOLDER_PATH}/RxCocoa.framework",
				"${TARGET_BUILD_DIR}/${FRAMEWORKS_FOLDER_PATH}/RxSwift.framework",
			);
			runOnlyForDeploymentPostprocessing = 0;
			shellPath = /bin/sh;
			shellScript = "\"${SRCROOT}/Pods/Target Support Files/Pods-BlockSizeCalculator/Pods-BlockSizeCalculator-frameworks.sh\"\n";
			showEnvVarsInLog = 0;
		};
		C042A04A4C2F1D6971AC0457 /* [CP] Copy Pods Resources */ = {
			isa = PBXShellScriptBuildPhase;
			buildActionMask = 2147483647;
			files = (
			);
			inputPaths = (
			);
			name = "[CP] Copy Pods Resources";
			outputPaths = (
			);
			runOnlyForDeploymentPostprocessing = 0;
			shellPath = /bin/sh;
			shellScript = "\"${SRCROOT}/Pods/Target Support Files/Pods-BlockSizeCalculatorTests/Pods-BlockSizeCalculatorTests-resources.sh\"\n";
			showEnvVarsInLog = 0;
		};
		CD0401F42E5B29CA1ABAD371 /* [CP] Copy Pods Resources */ = {
			isa = PBXShellScriptBuildPhase;
			buildActionMask = 2147483647;
			files = (
			);
			inputPaths = (
			);
			name = "[CP] Copy Pods Resources";
			outputPaths = (
			);
			runOnlyForDeploymentPostprocessing = 0;
			shellPath = /bin/sh;
			shellScript = "\"${SRCROOT}/Pods/Target Support Files/Pods-BlockSizeCalculatorUITests/Pods-BlockSizeCalculatorUITests-resources.sh\"\n";
			showEnvVarsInLog = 0;
		};
		E9B4922E35E0A38920F622E8 /* [CP] Check Pods Manifest.lock */ = {
			isa = PBXShellScriptBuildPhase;
			buildActionMask = 2147483647;
			files = (
			);
			inputPaths = (
				"${PODS_PODFILE_DIR_PATH}/Podfile.lock",
				"${PODS_ROOT}/Manifest.lock",
			);
			name = "[CP] Check Pods Manifest.lock";
			outputPaths = (
				"$(DERIVED_FILE_DIR)/Pods-BlockSizeCalculator-checkManifestLockResult.txt",
			);
			runOnlyForDeploymentPostprocessing = 0;
			shellPath = /bin/sh;
			shellScript = "diff \"${PODS_PODFILE_DIR_PATH}/Podfile.lock\" \"${PODS_ROOT}/Manifest.lock\" > /dev/null\nif [ $? != 0 ] ; then\n    # print error to STDERR\n    echo \"error: The sandbox is not in sync with the Podfile.lock. Run 'pod install' or update your CocoaPods installation.\" >&2\n    exit 1\nfi\n# This output is used by Xcode 'outputs' to avoid re-running this script phase.\necho \"SUCCESS\" > \"${SCRIPT_OUTPUT_FILE_0}\"\n";
			showEnvVarsInLog = 0;
		};
		FE74E2323EDCA25702C53693 /* [CP] Check Pods Manifest.lock */ = {
			isa = PBXShellScriptBuildPhase;
			buildActionMask = 2147483647;
			files = (
			);
			inputPaths = (
				"${PODS_PODFILE_DIR_PATH}/Podfile.lock",
				"${PODS_ROOT}/Manifest.lock",
			);
			name = "[CP] Check Pods Manifest.lock";
			outputPaths = (
				"$(DERIVED_FILE_DIR)/Pods-BlockSizeCalculatorUITests-checkManifestLockResult.txt",
			);
			runOnlyForDeploymentPostprocessing = 0;
			shellPath = /bin/sh;
			shellScript = "diff \"${PODS_PODFILE_DIR_PATH}/Podfile.lock\" \"${PODS_ROOT}/Manifest.lock\" > /dev/null\nif [ $? != 0 ] ; then\n    # print error to STDERR\n    echo \"error: The sandbox is not in sync with the Podfile.lock. Run 'pod install' or update your CocoaPods installation.\" >&2\n    exit 1\nfi\n# This output is used by Xcode 'outputs' to avoid re-running this script phase.\necho \"SUCCESS\" > \"${SCRIPT_OUTPUT_FILE_0}\"\n";
			showEnvVarsInLog = 0;
		};
/* End PBXShellScriptBuildPhase section */

/* Begin PBXSourcesBuildPhase section */
		FB29D9111F5D987000646220 /* Sources */ = {
			isa = PBXSourcesBuildPhase;
			buildActionMask = 2147483647;
			files = (
				FB29D91D1F5D987000646220 /* SecondViewController.swift in Sources */,
				FB29D9191F5D987000646220 /* AppDelegate.swift in Sources */,
				FB29D91B1F5D987000646220 /* FirstViewController.swift in Sources */,
			);
			runOnlyForDeploymentPostprocessing = 0;
		};
		FB29D9271F5D987000646220 /* Sources */ = {
			isa = PBXSourcesBuildPhase;
			buildActionMask = 2147483647;
			files = (
				FB29D9301F5D987000646220 /* BlockSizeCalculatorTests.swift in Sources */,
			);
			runOnlyForDeploymentPostprocessing = 0;
		};
		FB29D9321F5D987000646220 /* Sources */ = {
			isa = PBXSourcesBuildPhase;
			buildActionMask = 2147483647;
			files = (
				FB29D93B1F5D987000646220 /* BlockSizeCalculatorUITests.swift in Sources */,
			);
			runOnlyForDeploymentPostprocessing = 0;
		};
/* End PBXSourcesBuildPhase section */

/* Begin PBXTargetDependency section */
		FB29D92D1F5D987000646220 /* PBXTargetDependency */ = {
			isa = PBXTargetDependency;
			target = FB29D9141F5D987000646220 /* BlockSizeCalculator */;
			targetProxy = FB29D92C1F5D987000646220 /* PBXContainerItemProxy */;
		};
		FB29D9381F5D987000646220 /* PBXTargetDependency */ = {
			isa = PBXTargetDependency;
			target = FB29D9141F5D987000646220 /* BlockSizeCalculator */;
			targetProxy = FB29D9371F5D987000646220 /* PBXContainerItemProxy */;
		};
/* End PBXTargetDependency section */

/* Begin PBXVariantGroup section */
		FB29D91E1F5D987000646220 /* Main.storyboard */ = {
			isa = PBXVariantGroup;
			children = (
				FB29D91F1F5D987000646220 /* Base */,
			);
			name = Main.storyboard;
			sourceTree = "<group>";
		};
		FB29D9231F5D987000646220 /* LaunchScreen.storyboard */ = {
			isa = PBXVariantGroup;
			children = (
				FB29D9241F5D987000646220 /* Base */,
			);
			name = LaunchScreen.storyboard;
			sourceTree = "<group>";
		};
/* End PBXVariantGroup section */

/* Begin XCBuildConfiguration section */
		FB29D93D1F5D987000646220 /* Debug */ = {
			isa = XCBuildConfiguration;
			buildSettings = {
				ALWAYS_SEARCH_USER_PATHS = NO;
				CLANG_ANALYZER_NONNULL = YES;
				CLANG_ANALYZER_NUMBER_OBJECT_CONVERSION = YES_AGGRESSIVE;
				CLANG_CXX_LANGUAGE_STANDARD = "gnu++0x";
				CLANG_CXX_LIBRARY = "libc++";
				CLANG_ENABLE_MODULES = YES;
				CLANG_ENABLE_OBJC_ARC = YES;
				CLANG_WARN_BOOL_CONVERSION = YES;
				CLANG_WARN_CONSTANT_CONVERSION = YES;
				CLANG_WARN_DIRECT_OBJC_ISA_USAGE = YES_ERROR;
				CLANG_WARN_DOCUMENTATION_COMMENTS = YES;
				CLANG_WARN_EMPTY_BODY = YES;
				CLANG_WARN_ENUM_CONVERSION = YES;
				CLANG_WARN_INFINITE_RECURSION = YES;
				CLANG_WARN_INT_CONVERSION = YES;
				CLANG_WARN_OBJC_ROOT_CLASS = YES_ERROR;
				CLANG_WARN_SUSPICIOUS_MOVE = YES;
				CLANG_WARN_UNREACHABLE_CODE = YES;
				CLANG_WARN__DUPLICATE_METHOD_MATCH = YES;
				"CODE_SIGN_IDENTITY[sdk=iphoneos*]" = "iPhone Developer";
				COPY_PHASE_STRIP = NO;
				DEBUG_INFORMATION_FORMAT = dwarf;
				ENABLE_STRICT_OBJC_MSGSEND = YES;
				ENABLE_TESTABILITY = YES;
				GCC_C_LANGUAGE_STANDARD = gnu99;
				GCC_DYNAMIC_NO_PIC = NO;
				GCC_NO_COMMON_BLOCKS = YES;
				GCC_OPTIMIZATION_LEVEL = 0;
				GCC_PREPROCESSOR_DEFINITIONS = (
					"DEBUG=1",
					"$(inherited)",
				);
				GCC_WARN_64_TO_32_BIT_CONVERSION = YES;
				GCC_WARN_ABOUT_RETURN_TYPE = YES_ERROR;
				GCC_WARN_UNDECLARED_SELECTOR = YES;
				GCC_WARN_UNINITIALIZED_AUTOS = YES_AGGRESSIVE;
				GCC_WARN_UNUSED_FUNCTION = YES;
				GCC_WARN_UNUSED_VARIABLE = YES;
				IPHONEOS_DEPLOYMENT_TARGET = 10.3;
				MTL_ENABLE_DEBUG_INFO = YES;
				ONLY_ACTIVE_ARCH = YES;
				SDKROOT = iphoneos;
				SWIFT_ACTIVE_COMPILATION_CONDITIONS = DEBUG;
				SWIFT_OPTIMIZATION_LEVEL = "-Onone";
				TARGETED_DEVICE_FAMILY = "1,2";
			};
			name = Debug;
		};
		FB29D93E1F5D987000646220 /* Release */ = {
			isa = XCBuildConfiguration;
			buildSettings = {
				ALWAYS_SEARCH_USER_PATHS = NO;
				CLANG_ANALYZER_NONNULL = YES;
				CLANG_ANALYZER_NUMBER_OBJECT_CONVERSION = YES_AGGRESSIVE;
				CLANG_CXX_LANGUAGE_STANDARD = "gnu++0x";
				CLANG_CXX_LIBRARY = "libc++";
				CLANG_ENABLE_MODULES = YES;
				CLANG_ENABLE_OBJC_ARC = YES;
				CLANG_WARN_BOOL_CONVERSION = YES;
				CLANG_WARN_CONSTANT_CONVERSION = YES;
				CLANG_WARN_DIRECT_OBJC_ISA_USAGE = YES_ERROR;
				CLANG_WARN_DOCUMENTATION_COMMENTS = YES;
				CLANG_WARN_EMPTY_BODY = YES;
				CLANG_WARN_ENUM_CONVERSION = YES;
				CLANG_WARN_INFINITE_RECURSION = YES;
				CLANG_WARN_INT_CONVERSION = YES;
				CLANG_WARN_OBJC_ROOT_CLASS = YES_ERROR;
				CLANG_WARN_SUSPICIOUS_MOVE = YES;
				CLANG_WARN_UNREACHABLE_CODE = YES;
				CLANG_WARN__DUPLICATE_METHOD_MATCH = YES;
				"CODE_SIGN_IDENTITY[sdk=iphoneos*]" = "iPhone Developer";
				COPY_PHASE_STRIP = NO;
				DEBUG_INFORMATION_FORMAT = "dwarf-with-dsym";
				ENABLE_NS_ASSERTIONS = NO;
				ENABLE_STRICT_OBJC_MSGSEND = YES;
				GCC_C_LANGUAGE_STANDARD = gnu99;
				GCC_NO_COMMON_BLOCKS = YES;
				GCC_WARN_64_TO_32_BIT_CONVERSION = YES;
				GCC_WARN_ABOUT_RETURN_TYPE = YES_ERROR;
				GCC_WARN_UNDECLARED_SELECTOR = YES;
				GCC_WARN_UNINITIALIZED_AUTOS = YES_AGGRESSIVE;
				GCC_WARN_UNUSED_FUNCTION = YES;
				GCC_WARN_UNUSED_VARIABLE = YES;
				IPHONEOS_DEPLOYMENT_TARGET = 10.3;
				MTL_ENABLE_DEBUG_INFO = NO;
				SDKROOT = iphoneos;
				SWIFT_OPTIMIZATION_LEVEL = "-Owholemodule";
				TARGETED_DEVICE_FAMILY = "1,2";
				VALIDATE_PRODUCT = YES;
			};
			name = Release;
		};
		FB29D9401F5D987000646220 /* Debug */ = {
			isa = XCBuildConfiguration;
			baseConfigurationReference = E592E006CB95BE6CB557FB71 /* Pods-BlockSizeCalculator.debug.xcconfig */;
			buildSettings = {
				ASSETCATALOG_COMPILER_APPICON_NAME = AppIcon;
				DEVELOPMENT_TEAM = 847UKKJGYC;
				INFOPLIST_FILE = BlockSizeCalculator/Info.plist;
				LD_RUNPATH_SEARCH_PATHS = "$(inherited) @executable_path/Frameworks";
				PRODUCT_BUNDLE_IDENTIFIER = bsc.sit.se.BlockSizeCalculator;
				PRODUCT_NAME = "$(TARGET_NAME)";
				SWIFT_VERSION = 3.0;
			};
			name = Debug;
		};
		FB29D9411F5D987000646220 /* Release */ = {
			isa = XCBuildConfiguration;
			baseConfigurationReference = AAB96C633D5E7995E2DD0DF0 /* Pods-BlockSizeCalculator.release.xcconfig */;
			buildSettings = {
				ASSETCATALOG_COMPILER_APPICON_NAME = AppIcon;
				DEVELOPMENT_TEAM = 847UKKJGYC;
				INFOPLIST_FILE = BlockSizeCalculator/Info.plist;
				LD_RUNPATH_SEARCH_PATHS = "$(inherited) @executable_path/Frameworks";
				PRODUCT_BUNDLE_IDENTIFIER = bsc.sit.se.BlockSizeCalculator;
				PRODUCT_NAME = "$(TARGET_NAME)";
				SWIFT_VERSION = 3.0;
			};
			name = Release;
		};
		FB29D9431F5D987000646220 /* Debug */ = {
			isa = XCBuildConfiguration;
			baseConfigurationReference = E76DA72DC9BA3E56E00072A3 /* Pods-BlockSizeCalculatorTests.debug.xcconfig */;
			buildSettings = {
				ALWAYS_EMBED_SWIFT_STANDARD_LIBRARIES = YES;
				BUNDLE_LOADER = "$(TEST_HOST)";
				DEVELOPMENT_TEAM = 847UKKJGYC;
				INFOPLIST_FILE = BlockSizeCalculatorTests/Info.plist;
				LD_RUNPATH_SEARCH_PATHS = "$(inherited) @executable_path/Frameworks @loader_path/Frameworks";
				PRODUCT_BUNDLE_IDENTIFIER = bsc.sit.se.BlockSizeCalculatorTests;
				PRODUCT_NAME = "$(TARGET_NAME)";
				SWIFT_VERSION = 3.0;
				TEST_HOST = "$(BUILT_PRODUCTS_DIR)/BlockSizeCalculator.app/BlockSizeCalculator";
			};
			name = Debug;
		};
		FB29D9441F5D987000646220 /* Release */ = {
			isa = XCBuildConfiguration;
			baseConfigurationReference = 9090CC3A0717CCF30CF2CBB0 /* Pods-BlockSizeCalculatorTests.release.xcconfig */;
			buildSettings = {
				ALWAYS_EMBED_SWIFT_STANDARD_LIBRARIES = YES;
				BUNDLE_LOADER = "$(TEST_HOST)";
				DEVELOPMENT_TEAM = 847UKKJGYC;
				INFOPLIST_FILE = BlockSizeCalculatorTests/Info.plist;
				LD_RUNPATH_SEARCH_PATHS = "$(inherited) @executable_path/Frameworks @loader_path/Frameworks";
				PRODUCT_BUNDLE_IDENTIFIER = bsc.sit.se.BlockSizeCalculatorTests;
				PRODUCT_NAME = "$(TARGET_NAME)";
				SWIFT_VERSION = 3.0;
				TEST_HOST = "$(BUILT_PRODUCTS_DIR)/BlockSizeCalculator.app/BlockSizeCalculator";
			};
			name = Release;
		};
		FB29D9461F5D987000646220 /* Debug */ = {
			isa = XCBuildConfiguration;
			baseConfigurationReference = AD8DC44AC0F20A9E11C8A8AC /* Pods-BlockSizeCalculatorUITests.debug.xcconfig */;
			buildSettings = {
				ALWAYS_EMBED_SWIFT_STANDARD_LIBRARIES = YES;
				DEVELOPMENT_TEAM = 847UKKJGYC;
				INFOPLIST_FILE = BlockSizeCalculatorUITests/Info.plist;
				LD_RUNPATH_SEARCH_PATHS = "$(inherited) @executable_path/Frameworks @loader_path/Frameworks";
				PRODUCT_BUNDLE_IDENTIFIER = bsc.sit.se.BlockSizeCalculatorUITests;
				PRODUCT_NAME = "$(TARGET_NAME)";
				SWIFT_VERSION = 3.0;
				TEST_TARGET_NAME = BlockSizeCalculator;
			};
			name = Debug;
		};
		FB29D9471F5D987000646220 /* Release */ = {
			isa = XCBuildConfiguration;
			baseConfigurationReference = EE5FA726168579C503777B2D /* Pods-BlockSizeCalculatorUITests.release.xcconfig */;
			buildSettings = {
				ALWAYS_EMBED_SWIFT_STANDARD_LIBRARIES = YES;
				DEVELOPMENT_TEAM = 847UKKJGYC;
				INFOPLIST_FILE = BlockSizeCalculatorUITests/Info.plist;
				LD_RUNPATH_SEARCH_PATHS = "$(inherited) @executable_path/Frameworks @loader_path/Frameworks";
				PRODUCT_BUNDLE_IDENTIFIER = bsc.sit.se.BlockSizeCalculatorUITests;
				PRODUCT_NAME = "$(TARGET_NAME)";
				SWIFT_VERSION = 3.0;
				TEST_TARGET_NAME = BlockSizeCalculator;
			};
			name = Release;
		};
/* End XCBuildConfiguration section */

/* Begin XCConfigurationList section */
		FB29D9101F5D987000646220 /* Build configuration list for PBXProject "BlockSizeCalculator" */ = {
			isa = XCConfigurationList;
			buildConfigurations = (
				FB29D93D1F5D987000646220 /* Debug */,
				FB29D93E1F5D987000646220 /* Release */,
			);
			defaultConfigurationIsVisible = 0;
			defaultConfigurationName = Release;
		};
		FB29D93F1F5D987000646220 /* Build configuration list for PBXNativeTarget "BlockSizeCalculator" */ = {
			isa = XCConfigurationList;
			buildConfigurations = (
				FB29D9401F5D987000646220 /* Debug */,
				FB29D9411F5D987000646220 /* Release */,
			);
			defaultConfigurationIsVisible = 0;
		};
		FB29D9421F5D987000646220 /* Build configuration list for PBXNativeTarget "BlockSizeCalculatorTests" */ = {
			isa = XCConfigurationList;
			buildConfigurations = (
				FB29D9431F5D987000646220 /* Debug */,
				FB29D9441F5D987000646220 /* Release */,
			);
			defaultConfigurationIsVisible = 0;
		};
		FB29D9451F5D987000646220 /* Build configuration list for PBXNativeTarget "BlockSizeCalculatorUITests" */ = {
			isa = XCConfigurationList;
			buildConfigurations = (
				FB29D9461F5D987000646220 /* Debug */,
				FB29D9471F5D987000646220 /* Release */,
			);
			defaultConfigurationIsVisible = 0;
		};
/* End XCConfigurationList section */
	};
	rootObject = FB29D90D1F5D987000646220 /* Project object */;
}
